
Microsoft Visual Studio Solution File, Format Version 12.00
# Visual Studio 15
VisualStudioVersion = 15.0.27004.2002
MinimumVisualStudioVersion = 10.0.40219.1
Project("{FAE04EC0-301F-11D3-BF4B-00C04F79EFBC}") = "XamarinForms.Android", "XamarinForms\XamarinForms.Android\XamarinForms.Android.csproj", "{2CA1BF50-A479-410C-AA50-6B710B148450}"
EndProject
Project("{FAE04EC0-301F-11D3-BF4B-00C04F79EFBC}") = "XamarinForms", "XamarinForms\XamarinForms\XamarinForms.csproj", "{2293E040-1DD8-43DA-B01D-D7BF964B9529}"
EndProject
Project("{FAE04EC0-301F-11D3-BF4B-00C04F79EFBC}") = "XamarinForms.UWP", "XamarinForms\XamarinForms.UWP\XamarinForms.UWP.csproj", "{13073EF5-AA0A-463D-9D79-4C325B9F5855}"
EndProject
Project("{FAE04EC0-301F-11D3-BF4B-00C04F79EFBC}") = "XamarinForms.iOS", "XamarinForms\XamarinForms.iOS\XamarinForms.iOS.csproj", "{47415301-A3D3-4D4C-A61D-5ADD019869BF}"
EndProject
Global
	GlobalSection(SolutionConfigurationPlatforms) = preSolution
		Ad-Hoc|Any CPU = Ad-Hoc|Any CPU
		Ad-Hoc|ARM = Ad-Hoc|ARM
		Ad-Hoc|iPhone = Ad-Hoc|iPhone
		Ad-Hoc|iPhoneSimulator = Ad-Hoc|iPhoneSimulator
		Ad-Hoc|x64 = Ad-Hoc|x64
		Ad-Hoc|x86 = Ad-Hoc|x86
		AppStore|Any CPU = AppStore|Any CPU
		AppStore|ARM = AppStore|ARM
		AppStore|iPhone = AppStore|iPhone
		AppStore|iPhoneSimulator = AppStore|iPhoneSimulator
		AppStore|x64 = AppStore|x64
		AppStore|x86 = AppStore|x86
		Debug|Any CPU = Debug|Any CPU
		Debug|ARM = Debug|ARM
		Debug|iPhone = Debug|iPhone
		Debug|iPhoneSimulator = Debug|iPhoneSimulator
		Debug|x64 = Debug|x64
		Debug|x86 = Debug|x86
		Release|Any CPU = Release|Any CPU
		Release|ARM = Release|ARM
		Release|iPhone = Release|iPhone
		Release|iPhoneSimulator = Release|iPhoneSimulator
		Release|x64 = Release|x64
		Release|x86 = Release|x86
	EndGlobalSection
	GlobalSection(ProjectConfigurationPlatforms) = postSolution
		{2CA1BF50-A479-410C-AA50-6B710B148450}.Ad-Hoc|Any CPU.ActiveCfg = Release|Any CPU
		{2CA1BF50-A479-410C-AA50-6B710B148450}.Ad-Hoc|Any CPU.Build.0 = Release|Any CPU
		{2CA1BF50-A479-410C-AA50-6B710B148450}.Ad-Hoc|Any CPU.Deploy.0 = Release|Any CPU
		{2CA1BF50-A479-410C-AA50-6B710B148450}.Ad-Hoc|ARM.ActiveCfg = Release|Any CPU
		{2CA1BF50-A479-410C-AA50-6B710B148450}.Ad-Hoc|ARM.Build.0 = Release|Any CPU
		{2CA1BF50-A479-410C-AA50-6B710B148450}.Ad-Hoc|ARM.Deploy.0 = Release|Any CPU
		{2CA1BF50-A479-410C-AA50-6B710B148450}.Ad-Hoc|iPhone.ActiveCfg = Release|Any CPU
		{2CA1BF50-A479-410C-AA50-6B710B148450}.Ad-Hoc|iPhone.Build.0 = Release|Any CPU
		{2CA1BF50-A479-410C-AA50-6B710B148450}.Ad-Hoc|iPhone.Deploy.0 = Release|Any CPU
		{2CA1BF50-A479-410C-AA50-6B710B148450}.Ad-Hoc|iPhoneSimulator.ActiveCfg = Release|Any CPU
		{2CA1BF50-A479-410C-AA50-6B710B148450}.Ad-Hoc|iPhoneSimulator.Build.0 = Release|Any CPU
		{2CA1BF50-A479-410C-AA50-6B710B148450}.Ad-Hoc|iPhoneSimulator.Deploy.0 = Release|Any CPU
		{2CA1BF50-A479-410C-AA50-6B710B148450}.Ad-Hoc|x64.ActiveCfg = Release|Any CPU
		{2CA1BF50-A479-410C-AA50-6B710B148450}.Ad-Hoc|x64.Build.0 = Release|Any CPU
		{2CA1BF50-A479-410C-AA50-6B710B148450}.Ad-Hoc|x64.Deploy.0 = Release|Any CPU
		{2CA1BF50-A479-410C-AA50-6B710B148450}.Ad-Hoc|x86.ActiveCfg = Release|Any CPU
		{2CA1BF50-A479-410C-AA50-6B710B148450}.Ad-Hoc|x86.Build.0 = Release|Any CPU
		{2CA1BF50-A479-410C-AA50-6B710B148450}.Ad-Hoc|x86.Deploy.0 = Release|Any CPU
		{2CA1BF50-A479-410C-AA50-6B710B148450}.AppStore|Any CPU.ActiveCfg = Release|Any CPU
		{2CA1BF50-A479-410C-AA50-6B710B148450}.AppStore|Any CPU.Build.0 = Release|Any CPU
		{2CA1BF50-A479-410C-AA50-6B710B148450}.AppStore|Any CPU.Deploy.0 = Release|Any CPU
		{2CA1BF50-A479-410C-AA50-6B710B148450}.AppStore|ARM.ActiveCfg = Release|Any CPU
		{2CA1BF50-A479-410C-AA50-6B710B148450}.AppStore|ARM.Build.0 = Release|Any CPU
		{2CA1BF50-A479-410C-AA50-6B710B148450}.AppStore|ARM.Deploy.0 = Release|Any CPU
		{2CA1BF50-A479-410C-AA50-6B710B148450}.AppStore|iPhone.ActiveCfg = Release|Any CPU
		{2CA1BF50-A479-410C-AA50-6B710B148450}.AppStore|iPhone.Build.0 = Release|Any CPU
		{2CA1BF50-A479-410C-AA50-6B710B148450}.AppStore|iPhone.Deploy.0 = Release|Any CPU
		{2CA1BF50-A479-410C-AA50-6B710B148450}.AppStore|iPhoneSimulator.ActiveCfg = Release|Any CPU
		{2CA1BF50-A479-410C-AA50-6B710B148450}.AppStore|iPhoneSimulator.Build.0 = Release|Any CPU
		{2CA1BF50-A479-410C-AA50-6B710B148450}.AppStore|iPhoneSimulator.Deploy.0 = Release|Any CPU
		{2CA1BF50-A479-410C-AA50-6B710B148450}.AppStore|x64.ActiveCfg = Release|Any CPU
		{2CA1BF50-A479-410C-AA50-6B710B148450}.AppStore|x64.Build.0 = Release|Any CPU
		{2CA1BF50-A479-410C-AA50-6B710B148450}.AppStore|x64.Deploy.0 = Release|Any CPU
		{2CA1BF50-A479-410C-AA50-6B710B148450}.AppStore|x86.ActiveCfg = Release|Any CPU
		{2CA1BF50-A479-410C-AA50-6B710B148450}.AppStore|x86.Build.0 = Release|Any CPU
		{2CA1BF50-A479-410C-AA50-6B710B148450}.AppStore|x86.Deploy.0 = Release|Any CPU
		{2CA1BF50-A479-410C-AA50-6B710B148450}.Debug|Any CPU.ActiveCfg = Debug|Any CPU
		{2CA1BF50-A479-410C-AA50-6B710B148450}.Debug|Any CPU.Build.0 = Debug|Any CPU
		{2CA1BF50-A479-410C-AA50-6B710B148450}.Debug|Any CPU.Deploy.0 = Debug|Any CPU
		{2CA1BF50-A479-410C-AA50-6B710B148450}.Debug|ARM.ActiveCfg = Debug|Any CPU
		{2CA1BF50-A479-410C-AA50-6B710B148450}.Debug|ARM.Build.0 = Debug|Any CPU
		{2CA1BF50-A479-410C-AA50-6B710B148450}.Debug|ARM.Deploy.0 = Debug|Any CPU
		{2CA1BF50-A479-410C-AA50-6B710B148450}.Debug|iPhone.ActiveCfg = Debug|Any CPU
		{2CA1BF50-A479-410C-AA50-6B710B148450}.Debug|iPhone.Build.0 = Debug|Any CPU
		{2CA1BF50-A479-410C-AA50-6B710B148450}.Debug|iPhone.Deploy.0 = Debug|Any CPU
		{2CA1BF50-A479-410C-AA50-6B710B148450}.Debug|iPhoneSimulator.ActiveCfg = Debug|Any CPU
		{2CA1BF50-A479-410C-AA50-6B710B148450}.Debug|iPhoneSimulator.Build.0 = Debug|Any CPU
		{2CA1BF50-A479-410C-AA50-6B710B148450}.Debug|iPhoneSimulator.Deploy.0 = Debug|Any CPU
		{2CA1BF50-A479-410C-AA50-6B710B148450}.Debug|x64.ActiveCfg = Debug|Any CPU
		{2CA1BF50-A479-410C-AA50-6B710B148450}.Debug|x64.Build.0 = Debug|Any CPU
		{2CA1BF50-A479-410C-AA50-6B710B148450}.Debug|x64.Deploy.0 = Debug|Any CPU
		{2CA1BF50-A479-410C-AA50-6B710B148450}.Debug|x86.ActiveCfg = Debug|Any CPU
		{2CA1BF50-A479-410C-AA50-6B710B148450}.Debug|x86.Build.0 = Debug|Any CPU
		{2CA1BF50-A479-410C-AA50-6B710B148450}.Debug|x86.Deploy.0 = Debug|Any CPU
		{2CA1BF50-A479-410C-AA50-6B710B148450}.Release|Any CPU.ActiveCfg = Release|Any CPU
		{2CA1BF50-A479-410C-AA50-6B710B148450}.Release|Any CPU.Build.0 = Release|Any CPU
		{2CA1BF50-A479-410C-AA50-6B710B148450}.Release|Any CPU.Deploy.0 = Release|Any CPU
		{2CA1BF50-A479-410C-AA50-6B710B148450}.Release|ARM.ActiveCfg = Release|Any CPU
		{2CA1BF50-A479-410C-AA50-6B710B148450}.Release|ARM.Build.0 = Release|Any CPU
		{2CA1BF50-A479-410C-AA50-6B710B148450}.Release|ARM.Deploy.0 = Release|Any CPU
		{2CA1BF50-A479-410C-AA50-6B710B148450}.Release|iPhone.ActiveCfg = Release|Any CPU
		{2CA1BF50-A479-410C-AA50-6B710B148450}.Release|iPhone.Build.0 = Release|Any CPU
		{2CA1BF50-A479-410C-AA50-6B710B148450}.Release|iPhone.Deploy.0 = Release|Any CPU
		{2CA1BF50-A479-410C-AA50-6B710B148450}.Release|iPhoneSimulator.ActiveCfg = Release|Any CPU
		{2CA1BF50-A479-410C-AA50-6B710B148450}.Release|iPhoneSimulator.Build.0 = Release|Any CPU
		{2CA1BF50-A479-410C-AA50-6B710B148450}.Release|iPhoneSimulator.Deploy.0 = Release|Any CPU
		{2CA1BF50-A479-410C-AA50-6B710B148450}.Release|x64.ActiveCfg = Release|Any CPU
		{2CA1BF50-A479-410C-AA50-6B710B148450}.Release|x64.Build.0 = Release|Any CPU
		{2CA1BF50-A479-410C-AA50-6B710B148450}.Release|x64.Deploy.0 = Release|Any CPU
		{2CA1BF50-A479-410C-AA50-6B710B148450}.Release|x86.ActiveCfg = Release|Any CPU
		{2CA1BF50-A479-410C-AA50-6B710B148450}.Release|x86.Build.0 = Release|Any CPU
		{2CA1BF50-A479-410C-AA50-6B710B148450}.Release|x86.Deploy.0 = Release|Any CPU
		{2293E040-1DD8-43DA-B01D-D7BF964B9529}.Ad-Hoc|Any CPU.ActiveCfg = Release|Any CPU
		{2293E040-1DD8-43DA-B01D-D7BF964B9529}.Ad-Hoc|Any CPU.Build.0 = Release|Any CPU
		{2293E040-1DD8-43DA-B01D-D7BF964B9529}.Ad-Hoc|ARM.ActiveCfg = Release|Any CPU
		{2293E040-1DD8-43DA-B01D-D7BF964B9529}.Ad-Hoc|ARM.Build.0 = Release|Any CPU
		{2293E040-1DD8-43DA-B01D-D7BF964B9529}.Ad-Hoc|iPhone.ActiveCfg = Release|Any CPU
		{2293E040-1DD8-43DA-B01D-D7BF964B9529}.Ad-Hoc|iPhone.Build.0 = Release|Any CPU
		{2293E040-1DD8-43DA-B01D-D7BF964B9529}.Ad-Hoc|iPhoneSimulator.ActiveCfg = Release|Any CPU
		{2293E040-1DD8-43DA-B01D-D7BF964B9529}.Ad-Hoc|iPhoneSimulator.Build.0 = Release|Any CPU
		{2293E040-1DD8-43DA-B01D-D7BF964B9529}.Ad-Hoc|x64.ActiveCfg = Release|Any CPU
		{2293E040-1DD8-43DA-B01D-D7BF964B9529}.Ad-Hoc|x64.Build.0 = Release|Any CPU
		{2293E040-1DD8-43DA-B01D-D7BF964B9529}.Ad-Hoc|x86.ActiveCfg = Release|Any CPU
		{2293E040-1DD8-43DA-B01D-D7BF964B9529}.Ad-Hoc|x86.Build.0 = Release|Any CPU
		{2293E040-1DD8-43DA-B01D-D7BF964B9529}.AppStore|Any CPU.ActiveCfg = Release|Any CPU
		{2293E040-1DD8-43DA-B01D-D7BF964B9529}.AppStore|Any CPU.Build.0 = Release|Any CPU
		{2293E040-1DD8-43DA-B01D-D7BF964B9529}.AppStore|ARM.ActiveCfg = Release|Any CPU
		{2293E040-1DD8-43DA-B01D-D7BF964B9529}.AppStore|ARM.Build.0 = Release|Any CPU
		{2293E040-1DD8-43DA-B01D-D7BF964B9529}.AppStore|iPhone.ActiveCfg = Release|Any CPU
		{2293E040-1DD8-43DA-B01D-D7BF964B9529}.AppStore|iPhone.Build.0 = Release|Any CPU
		{2293E040-1DD8-43DA-B01D-D7BF964B9529}.AppStore|iPhoneSimulator.ActiveCfg = Release|Any CPU
		{2293E040-1DD8-43DA-B01D-D7BF964B9529}.AppStore|iPhoneSimulator.Build.0 = Release|Any CPU
		{2293E040-1DD8-43DA-B01D-D7BF964B9529}.AppStore|x64.ActiveCfg = Release|Any CPU
		{2293E040-1DD8-43DA-B01D-D7BF964B9529}.AppStore|x64.Build.0 = Release|Any CPU
		{2293E040-1DD8-43DA-B01D-D7BF964B9529}.AppStore|x86.ActiveCfg = Release|Any CPU
		{2293E040-1DD8-43DA-B01D-D7BF964B9529}.AppStore|x86.Build.0 = Release|Any CPU
		{2293E040-1DD8-43DA-B01D-D7BF964B9529}.Debug|Any CPU.ActiveCfg = Debug|Any CPU
		{2293E040-1DD8-43DA-B01D-D7BF964B9529}.Debug|Any CPU.Build.0 = Debug|Any CPU
		{2293E040-1DD8-43DA-B01D-D7BF964B9529}.Debug|ARM.ActiveCfg = Debug|Any CPU
		{2293E040-1DD8-43DA-B01D-D7BF964B9529}.Debug|ARM.Build.0 = Debug|Any CPU
		{2293E040-1DD8-43DA-B01D-D7BF964B9529}.Debug|iPhone.ActiveCfg = Debug|Any CPU
		{2293E040-1DD8-43DA-B01D-D7BF964B9529}.Debug|iPhone.Build.0 = Debug|Any CPU
		{2293E040-1DD8-43DA-B01D-D7BF964B9529}.Debug|iPhoneSimulator.ActiveCfg = Debug|Any CPU
		{2293E040-1DD8-43DA-B01D-D7BF964B9529}.Debug|iPhoneSimulator.Build.0 = Debug|Any CPU
		{2293E040-1DD8-43DA-B01D-D7BF964B9529}.Debug|x64.ActiveCfg = Debug|Any CPU
		{2293E040-1DD8-43DA-B01D-D7BF964B9529}.Debug|x64.Build.0 = Debug|Any CPU
		{2293E040-1DD8-43DA-B01D-D7BF964B9529}.Debug|x86.ActiveCfg = Debug|Any CPU
		{2293E040-1DD8-43DA-B01D-D7BF964B9529}.Debug|x86.Build.0 = Debug|Any CPU
		{2293E040-1DD8-43DA-B01D-D7BF964B9529}.Release|Any CPU.ActiveCfg = Release|Any CPU
		{2293E040-1DD8-43DA-B01D-D7BF964B9529}.Release|Any CPU.Build.0 = Release|Any CPU
		{2293E040-1DD8-43DA-B01D-D7BF964B9529}.Release|ARM.ActiveCfg = Release|Any CPU
		{2293E040-1DD8-43DA-B01D-D7BF964B9529}.Release|ARM.Build.0 = Release|Any CPU
		{2293E040-1DD8-43DA-B01D-D7BF964B9529}.Release|iPhone.ActiveCfg = Release|Any CPU
		{2293E040-1DD8-43DA-B01D-D7BF964B9529}.Release|iPhone.Build.0 = Release|Any CPU
		{2293E040-1DD8-43DA-B01D-D7BF964B9529}.Release|iPhoneSimulator.ActiveCfg = Release|Any CPU
		{2293E040-1DD8-43DA-B01D-D7BF964B9529}.Release|iPhoneSimulator.Build.0 = Release|Any CPU
		{2293E040-1DD8-43DA-B01D-D7BF964B9529}.Release|x64.ActiveCfg = Release|Any CPU
		{2293E040-1DD8-43DA-B01D-D7BF964B9529}.Release|x64.Build.0 = Release|Any CPU
		{2293E040-1DD8-43DA-B01D-D7BF964B9529}.Release|x86.ActiveCfg = Release|Any CPU
		{2293E040-1DD8-43DA-B01D-D7BF964B9529}.Release|x86.Build.0 = Release|Any CPU
		{13073EF5-AA0A-463D-9D79-4C325B9F5855}.Ad-Hoc|Any CPU.ActiveCfg = Release|x86
		{13073EF5-AA0A-463D-9D79-4C325B9F5855}.Ad-Hoc|Any CPU.Build.0 = Release|x86
		{13073EF5-AA0A-463D-9D79-4C325B9F5855}.Ad-Hoc|Any CPU.Deploy.0 = Release|x86
		{13073EF5-AA0A-463D-9D79-4C325B9F5855}.Ad-Hoc|ARM.ActiveCfg = Release|ARM
		{13073EF5-AA0A-463D-9D79-4C325B9F5855}.Ad-Hoc|ARM.Build.0 = Release|ARM
		{13073EF5-AA0A-463D-9D79-4C325B9F5855}.Ad-Hoc|ARM.Deploy.0 = Release|ARM
		{13073EF5-AA0A-463D-9D79-4C325B9F5855}.Ad-Hoc|iPhone.ActiveCfg = Release|x86
		{13073EF5-AA0A-463D-9D79-4C325B9F5855}.Ad-Hoc|iPhone.Build.0 = Release|x86
		{13073EF5-AA0A-463D-9D79-4C325B9F5855}.Ad-Hoc|iPhone.Deploy.0 = Release|x86
		{13073EF5-AA0A-463D-9D79-4C325B9F5855}.Ad-Hoc|iPhoneSimulator.ActiveCfg = Release|x86
		{13073EF5-AA0A-463D-9D79-4C325B9F5855}.Ad-Hoc|iPhoneSimulator.Build.0 = Release|x86
		{13073EF5-AA0A-463D-9D79-4C325B9F5855}.Ad-Hoc|iPhoneSimulator.Deploy.0 = Release|x86
		{13073EF5-AA0A-463D-9D79-4C325B9F5855}.Ad-Hoc|x64.ActiveCfg = Release|x64
		{13073EF5-AA0A-463D-9D79-4C325B9F5855}.Ad-Hoc|x64.Build.0 = Release|x64
		{13073EF5-AA0A-463D-9D79-4C325B9F5855}.Ad-Hoc|x64.Deploy.0 = Release|x64
		{13073EF5-AA0A-463D-9D79-4C325B9F5855}.Ad-Hoc|x86.ActiveCfg = Release|x86
		{13073EF5-AA0A-463D-9D79-4C325B9F5855}.Ad-Hoc|x86.Build.0 = Release|x86
		{13073EF5-AA0A-463D-9D79-4C325B9F5855}.Ad-Hoc|x86.Deploy.0 = Release|x86
		{13073EF5-AA0A-463D-9D79-4C325B9F5855}.AppStore|Any CPU.ActiveCfg = Release|x86
		{13073EF5-AA0A-463D-9D79-4C325B9F5855}.AppStore|Any CPU.Build.0 = Release|x86
		{13073EF5-AA0A-463D-9D79-4C325B9F5855}.AppStore|Any CPU.Deploy.0 = Release|x86
		{13073EF5-AA0A-463D-9D79-4C325B9F5855}.AppStore|ARM.ActiveCfg = Release|ARM
		{13073EF5-AA0A-463D-9D79-4C325B9F5855}.AppStore|ARM.Build.0 = Release|ARM
		{13073EF5-AA0A-463D-9D79-4C325B9F5855}.AppStore|ARM.Deploy.0 = Release|ARM
		{13073EF5-AA0A-463D-9D79-4C325B9F5855}.AppStore|iPhone.ActiveCfg = Release|x86
		{13073EF5-AA0A-463D-9D79-4C325B9F5855}.AppStore|iPhone.Build.0 = Release|x86
		{13073EF5-AA0A-463D-9D79-4C325B9F5855}.AppStore|iPhone.Deploy.0 = Release|x86
		{13073EF5-AA0A-463D-9D79-4C325B9F5855}.AppStore|iPhoneSimulator.ActiveCfg = Release|x86
		{13073EF5-AA0A-463D-9D79-4C325B9F5855}.AppStore|iPhoneSimulator.Build.0 = Release|x86
		{13073EF5-AA0A-463D-9D79-4C325B9F5855}.AppStore|iPhoneSimulator.Deploy.0 = Release|x86
		{13073EF5-AA0A-463D-9D79-4C325B9F5855}.AppStore|x64.ActiveCfg = Release|x64
		{13073EF5-AA0A-463D-9D79-4C325B9F5855}.AppStore|x64.Build.0 = Release|x64
		{13073EF5-AA0A-463D-9D79-4C325B9F5855}.AppStore|x64.Deploy.0 = Release|x64
		{13073EF5-AA0A-463D-9D79-4C325B9F5855}.AppStore|x86.ActiveCfg = Release|x86
		{13073EF5-AA0A-463D-9D79-4C325B9F5855}.AppStore|x86.Build.0 = Release|x86
		{13073EF5-AA0A-463D-9D79-4C325B9F5855}.AppStore|x86.Deploy.0 = Release|x86
		{13073EF5-AA0A-463D-9D79-4C325B9F5855}.Debug|Any CPU.ActiveCfg = Debug|x86
		{13073EF5-AA0A-463D-9D79-4C325B9F5855}.Debug|ARM.ActiveCfg = Debug|ARM
		{13073EF5-AA0A-463D-9D79-4C325B9F5855}.Debug|ARM.Build.0 = Debug|ARM
		{13073EF5-AA0A-463D-9D79-4C325B9F5855}.Debug|ARM.Deploy.0 = Debug|ARM
		{13073EF5-AA0A-463D-9D79-4C325B9F5855}.Debug|iPhone.ActiveCfg = Debug|x86
		{13073EF5-AA0A-463D-9D79-4C325B9F5855}.Debug|iPhoneSimulator.ActiveCfg = Debug|x86
		{13073EF5-AA0A-463D-9D79-4C325B9F5855}.Debug|x64.ActiveCfg = Debug|x64
		{13073EF5-AA0A-463D-9D79-4C325B9F5855}.Debug|x64.Build.0 = Debug|x64
		{13073EF5-AA0A-463D-9D79-4C325B9F5855}.Debug|x64.Deploy.0 = Debug|x64
		{13073EF5-AA0A-463D-9D79-4C325B9F5855}.Debug|x86.ActiveCfg = Debug|x86
		{13073EF5-AA0A-463D-9D79-4C325B9F5855}.Debug|x86.Build.0 = Debug|x86
		{13073EF5-AA0A-463D-9D79-4C325B9F5855}.Debug|x86.Deploy.0 = Debug|x86
		{13073EF5-AA0A-463D-9D79-4C325B9F5855}.Release|Any CPU.ActiveCfg = Release|x86
		{13073EF5-AA0A-463D-9D79-4C325B9F5855}.Release|ARM.ActiveCfg = Release|ARM
		{13073EF5-AA0A-463D-9D79-4C325B9F5855}.Release|ARM.Build.0 = Release|ARM
		{13073EF5-AA0A-463D-9D79-4C325B9F5855}.Release|ARM.Deploy.0 = Release|ARM
		{13073EF5-AA0A-463D-9D79-4C325B9F5855}.Release|iPhone.ActiveCfg = Release|x86
		{13073EF5-AA0A-463D-9D79-4C325B9F5855}.Release|iPhoneSimulator.ActiveCfg = Release|x86
		{13073EF5-AA0A-463D-9D79-4C325B9F5855}.Release|x64.ActiveCfg = Release|x64
		{13073EF5-AA0A-463D-9D79-4C325B9F5855}.Release|x64.Build.0 = Release|x64
		{13073EF5-AA0A-463D-9D79-4C325B9F5855}.Release|x64.Deploy.0 = Release|x64
		{13073EF5-AA0A-463D-9D79-4C325B9F5855}.Release|x86.ActiveCfg = Release|x86
		{13073EF5-AA0A-463D-9D79-4C325B9F5855}.Release|x86.Build.0 = Release|x86
		{13073EF5-AA0A-463D-9D79-4C325B9F5855}.Release|x86.Deploy.0 = Release|x86
		{47415301-A3D3-4D4C-A61D-5ADD019869BF}.Ad-Hoc|Any CPU.ActiveCfg = Ad-Hoc|iPhoneSimulator
		{47415301-A3D3-4D4C-A61D-5ADD019869BF}.Ad-Hoc|ARM.ActiveCfg = Ad-Hoc|iPhone
		{47415301-A3D3-4D4C-A61D-5ADD019869BF}.Ad-Hoc|iPhone.ActiveCfg = Ad-Hoc|iPhone
		{47415301-A3D3-4D4C-A61D-5ADD019869BF}.Ad-Hoc|iPhone.Build.0 = Ad-Hoc|iPhone
		{47415301-A3D3-4D4C-A61D-5ADD019869BF}.Ad-Hoc|iPhoneSimulator.ActiveCfg = Ad-Hoc|iPhoneSimulator
		{47415301-A3D3-4D4C-A61D-5ADD019869BF}.Ad-Hoc|iPhoneSimulator.Build.0 = Ad-Hoc|iPhoneSimulator
		{47415301-A3D3-4D4C-A61D-5ADD019869BF}.Ad-Hoc|x64.ActiveCfg = Ad-Hoc|iPhone
		{47415301-A3D3-4D4C-A61D-5ADD019869BF}.Ad-Hoc|x86.ActiveCfg = Ad-Hoc|iPhone
		{47415301-A3D3-4D4C-A61D-5ADD019869BF}.AppStore|Any CPU.ActiveCfg = AppStore|iPhoneSimulator
		{47415301-A3D3-4D4C-A61D-5ADD019869BF}.AppStore|ARM.ActiveCfg = AppStore|iPhone
		{47415301-A3D3-4D4C-A61D-5ADD019869BF}.AppStore|iPhone.ActiveCfg = AppStore|iPhone
		{47415301-A3D3-4D4C-A61D-5ADD019869BF}.AppStore|iPhone.Build.0 = AppStore|iPhone
		{47415301-A3D3-4D4C-A61D-5ADD019869BF}.AppStore|iPhoneSimulator.ActiveCfg = AppStore|iPhoneSimulator
		{47415301-A3D3-4D4C-A61D-5ADD019869BF}.AppStore|iPhoneSimulator.Build.0 = AppStore|iPhoneSimulator
		{47415301-A3D3-4D4C-A61D-5ADD019869BF}.AppStore|x64.ActiveCfg = AppStore|iPhone
		{47415301-A3D3-4D4C-A61D-5ADD019869BF}.AppStore|x86.ActiveCfg = AppStore|iPhone
		{47415301-A3D3-4D4C-A61D-5ADD019869BF}.Debug|Any CPU.ActiveCfg = Debug|iPhoneSimulator
		{47415301-A3D3-4D4C-A61D-5ADD019869BF}.Debug|ARM.ActiveCfg = Debug|iPhone
		{47415301-A3D3-4D4C-A61D-5ADD019869BF}.Debug|iPhone.ActiveCfg = Debug|iPhone
		{47415301-A3D3-4D4C-A61D-5ADD019869BF}.Debug|iPhone.Build.0 = Debug|iPhone
		{47415301-A3D3-4D4C-A61D-5ADD019869BF}.Debug|iPhoneSimulator.ActiveCfg = Debug|iPhoneSimulator
		{47415301-A3D3-4D4C-A61D-5ADD019869BF}.Debug|iPhoneSimulator.Build.0 = Debug|iPhoneSimulator
		{47415301-A3D3-4D4C-A61D-5ADD019869BF}.Debug|x64.ActiveCfg = Debug|iPhone
		{47415301-A3D3-4D4C-A61D-5ADD019869BF}.Debug|x86.ActiveCfg = Debug|iPhone
		{47415301-A3D3-4D4C-A61D-5ADD019869BF}.Release|Any CPU.ActiveCfg = Release|iPhoneSimulator
		{47415301-A3D3-4D4C-A61D-5ADD019869BF}.Release|ARM.ActiveCfg = Release|iPhone
		{47415301-A3D3-4D4C-A61D-5ADD019869BF}.Release|iPhone.ActiveCfg = Release|iPhone
		{47415301-A3D3-4D4C-A61D-5ADD019869BF}.Release|iPhone.Build.0 = Release|iPhone
		{47415301-A3D3-4D4C-A61D-5ADD019869BF}.Release|iPhoneSimulator.ActiveCfg = Release|iPhoneSimulator
		{47415301-A3D3-4D4C-A61D-5ADD019869BF}.Release|iPhoneSimulator.Build.0 = Release|iPhoneSimulator
		{47415301-A3D3-4D4C-A61D-5ADD019869BF}.Release|x64.ActiveCfg = Release|iPhone
		{47415301-A3D3-4D4C-A61D-5ADD019869BF}.Release|x86.ActiveCfg = Release|iPhone
	EndGlobalSection
	GlobalSection(SolutionProperties) = preSolution
		HideSolutionNode = FALSE
	EndGlobalSection
	GlobalSection(ExtensibilityGlobals) = postSolution
		SolutionGuid = {69E0A1E9-EA51-42D8-97F5-EBAE83E8EE54}
	EndGlobalSection
EndGlobal
